
Microsoft Visual Studio Solution File, Format Version 12.00
Project("{FAE04EC0-301F-11D3-BF4B-00C04F79EFBC}") = "Wyrdrasil.Registry", "Wyrdrasil.Registry\Wyrdrasil.Registry.csproj", "{E0F682F1-2340-4E22-9074-E80BF47D0709}"
EndProject
Global
	GlobalSection(SolutionConfigurationPlatforms) = preSolution
		Debug|Any CPU = Debug|Any CPU
		Release|Any CPU = Release|Any CPU
	EndGlobalSection
	GlobalSection(ProjectConfigurationPlatforms) = postSolution
		{E0F682F1-2340-4E22-9074-E80BF47D0709}.Debug|Any CPU.ActiveCfg = Debug|Any CPU
		{E0F682F1-2340-4E22-9074-E80BF47D0709}.Debug|Any CPU.Build.0 = Debug|Any CPU
		{E0F682F1-2340-4E22-9074-E80BF47D0709}.Release|Any CPU.ActiveCfg = Release|Any CPU
		{E0F682F1-2340-4E22-9074-E80BF47D0709}.Release|Any CPU.Build.0 = Release|Any CPU
	EndGlobalSection
EndGlobal
